// !$*UTF8*$!
{
	archiveVersion = 1;
	classes = {
	};
	objectVersion = 52;
	objects = {

/* Begin PBXBuildFile section */
		5DAA52B12888D50200D78AFE /* DashboardViewController.swift in Sources */ = {isa = PBXBuildFile; fileRef = 5DAA52B02888D50200D78AFE /* DashboardViewController.swift */; };
		5DAA52B42888DAC900D78AFE /* UserAccount.swift in Sources */ = {isa = PBXBuildFile; fileRef = 5DAA52B32888DAC900D78AFE /* UserAccount.swift */; };
		5DAA52B72888FC3100D78AFE /* FleetListViewController.swift in Sources */ = {isa = PBXBuildFile; fileRef = 5DAA52B62888FC3100D78AFE /* FleetListViewController.swift */; };
		5DAA52BA288900B800D78AFE /* Vehicle.swift in Sources */ = {isa = PBXBuildFile; fileRef = 5DAA52B9288900B800D78AFE /* Vehicle.swift */; };
		5DAA52BD288A290500D78AFE /* ProfileViewController.swift in Sources */ = {isa = PBXBuildFile; fileRef = 5DAA52BC288A290500D78AFE /* ProfileViewController.swift */; };
		5DAA52C1288B5ED900D78AFE /* VehicleDetailsViewController.swift in Sources */ = {isa = PBXBuildFile; fileRef = 5DAA52C0288B5ED900D78AFE /* VehicleDetailsViewController.swift */; };
		5DAA52C4288BBD6800D78AFE /* AddVehicleViewController.swift in Sources */ = {isa = PBXBuildFile; fileRef = 5DAA52C3288BBD6800D78AFE /* AddVehicleViewController.swift */; };
		5DADD8FB2882318200F10D50 /* AppDelegate.swift in Sources */ = {isa = PBXBuildFile; fileRef = 5DADD8FA2882318200F10D50 /* AppDelegate.swift */; };
		5DADD8FD2882318200F10D50 /* SceneDelegate.swift in Sources */ = {isa = PBXBuildFile; fileRef = 5DADD8FC2882318200F10D50 /* SceneDelegate.swift */; };
		5DADD8FF2882318200F10D50 /* SignInViewController.swift in Sources */ = {isa = PBXBuildFile; fileRef = 5DADD8FE2882318200F10D50 /* SignInViewController.swift */; };
		5DADD9022882318200F10D50 /* Main.storyboard in Resources */ = {isa = PBXBuildFile; fileRef = 5DADD9002882318200F10D50 /* Main.storyboard */; };
		5DADD9042882318900F10D50 /* Assets.xcassets in Resources */ = {isa = PBXBuildFile; fileRef = 5DADD9032882318900F10D50 /* Assets.xcassets */; };
		5DADD9072882318900F10D50 /* LaunchScreen.storyboard in Resources */ = {isa = PBXBuildFile; fileRef = 5DADD9052882318900F10D50 /* LaunchScreen.storyboard */; };
		5DADD912288235C100F10D50 /* SignupViewController.swift in Sources */ = {isa = PBXBuildFile; fileRef = 5DADD911288235C100F10D50 /* SignupViewController.swift */; };
		5DB0BDAC288272220014926B /* FirebaseFirestore in Frameworks */ = {isa = PBXBuildFile; productRef = 5DB0BDAB288272220014926B /* FirebaseFirestore */; };
		5DB0BDAE288272220014926B /* FirebaseAuthCombine-Community in Frameworks */ = {isa = PBXBuildFile; productRef = 5DB0BDAD288272220014926B /* FirebaseAuthCombine-Community */; };
		5DB0BDB0288272220014926B /* FirebaseStorageCombine-Community in Frameworks */ = {isa = PBXBuildFile; productRef = 5DB0BDAF288272220014926B /* FirebaseStorageCombine-Community */; };
		5DB0BDB2288272220014926B /* FirebaseFirestoreSwift in Frameworks */ = {isa = PBXBuildFile; productRef = 5DB0BDB1288272220014926B /* FirebaseFirestoreSwift */; };
		5DB0BDB4288272220014926B /* FirebaseStorage in Frameworks */ = {isa = PBXBuildFile; productRef = 5DB0BDB3288272220014926B /* FirebaseStorage */; };
		5DB0BDB6288272220014926B /* FirebaseAuth in Frameworks */ = {isa = PBXBuildFile; productRef = 5DB0BDB5288272220014926B /* FirebaseAuth */; };
		5DB0BDB8288272220014926B /* FirebaseFirestoreCombine-Community in Frameworks */ = {isa = PBXBuildFile; productRef = 5DB0BDB7288272220014926B /* FirebaseFirestoreCombine-Community */; };
		5DB0BDBC28827B030014926B /* GoogleService-Info.plist in Resources */ = {isa = PBXBuildFile; fileRef = 5DB0BDBB28827B030014926B /* GoogleService-Info.plist */; };
/* End PBXBuildFile section */

/* Begin PBXFileReference section */
		5DAA52B02888D50200D78AFE /* DashboardViewController.swift */ = {isa = PBXFileReference; lastKnownFileType = sourcecode.swift; path = DashboardViewController.swift; sourceTree = "<group>"; };
		5DAA52B32888DAC900D78AFE /* UserAccount.swift */ = {isa = PBXFileReference; lastKnownFileType = sourcecode.swift; path = UserAccount.swift; sourceTree = "<group>"; };
		5DAA52B62888FC3100D78AFE /* FleetListViewController.swift */ = {isa = PBXFileReference; lastKnownFileType = sourcecode.swift; path = FleetListViewController.swift; sourceTree = "<group>"; };
		5DAA52B9288900B800D78AFE /* Vehicle.swift */ = {isa = PBXFileReference; lastKnownFileType = sourcecode.swift; path = Vehicle.swift; sourceTree = "<group>"; };
		5DAA52BC288A290500D78AFE /* ProfileViewController.swift */ = {isa = PBXFileReference; lastKnownFileType = sourcecode.swift; path = ProfileViewController.swift; sourceTree = "<group>"; };
		5DAA52C0288B5ED900D78AFE /* VehicleDetailsViewController.swift */ = {isa = PBXFileReference; lastKnownFileType = sourcecode.swift; path = VehicleDetailsViewController.swift; sourceTree = "<group>"; };
		5DAA52C3288BBD6800D78AFE /* AddVehicleViewController.swift */ = {isa = PBXFileReference; lastKnownFileType = sourcecode.swift; path = AddVehicleViewController.swift; sourceTree = "<group>"; };
		5DADD8F72882318200F10D50 /* Drivable.app */ = {isa = PBXFileReference; explicitFileType = wrapper.application; includeInIndex = 0; path = Drivable.app; sourceTree = BUILT_PRODUCTS_DIR; };
		5DADD8FA2882318200F10D50 /* AppDelegate.swift */ = {isa = PBXFileReference; lastKnownFileType = sourcecode.swift; path = AppDelegate.swift; sourceTree = "<group>"; };
		5DADD8FC2882318200F10D50 /* SceneDelegate.swift */ = {isa = PBXFileReference; lastKnownFileType = sourcecode.swift; path = SceneDelegate.swift; sourceTree = "<group>"; };
		5DADD8FE2882318200F10D50 /* SignInViewController.swift */ = {isa = PBXFileReference; lastKnownFileType = sourcecode.swift; path = SignInViewController.swift; sourceTree = "<group>"; };
		5DADD9012882318200F10D50 /* Base */ = {isa = PBXFileReference; lastKnownFileType = file.storyboard; name = Base; path = Base.lproj/Main.storyboard; sourceTree = "<group>"; };
		5DADD9032882318900F10D50 /* Assets.xcassets */ = {isa = PBXFileReference; lastKnownFileType = folder.assetcatalog; path = Assets.xcassets; sourceTree = "<group>"; };
		5DADD9062882318900F10D50 /* Base */ = {isa = PBXFileReference; lastKnownFileType = file.storyboard; name = Base; path = Base.lproj/LaunchScreen.storyboard; sourceTree = "<group>"; };
		5DADD9082882318900F10D50 /* Info.plist */ = {isa = PBXFileReference; lastKnownFileType = text.plist.xml; path = Info.plist; sourceTree = "<group>"; };
		5DADD911288235C100F10D50 /* SignupViewController.swift */ = {isa = PBXFileReference; lastKnownFileType = sourcecode.swift; path = SignupViewController.swift; sourceTree = "<group>"; };
		5DB0BDBB28827B030014926B /* GoogleService-Info.plist */ = {isa = PBXFileReference; fileEncoding = 4; lastKnownFileType = text.plist.xml; name = "GoogleService-Info.plist"; path = "../../../../Downloads/GoogleService-Info.plist"; sourceTree = "<group>"; };
/* End PBXFileReference section */

/* Begin PBXFrameworksBuildPhase section */
		5DADD8F42882318200F10D50 /* Frameworks */ = {
			isa = PBXFrameworksBuildPhase;
			buildActionMask = 2147483647;
			files = (
				5DB0BDAC288272220014926B /* FirebaseFirestore in Frameworks */,
				5DB0BDB6288272220014926B /* FirebaseAuth in Frameworks */,
				5DB0BDB0288272220014926B /* FirebaseStorageCombine-Community in Frameworks */,
				5DB0BDAE288272220014926B /* FirebaseAuthCombine-Community in Frameworks */,
				5DB0BDB4288272220014926B /* FirebaseStorage in Frameworks */,
				5DB0BDB2288272220014926B /* FirebaseFirestoreSwift in Frameworks */,
				5DB0BDB8288272220014926B /* FirebaseFirestoreCombine-Community in Frameworks */,
			);
			runOnlyForDeploymentPostprocessing = 0;
		};
/* End PBXFrameworksBuildPhase section */

/* Begin PBXGroup section */
		5DADD8EE2882318100F10D50 = {
			isa = PBXGroup;
			children = (
				5DADD8F92882318200F10D50 /* Drivable */,
				5DADD8F82882318200F10D50 /* Products */,
			);
			sourceTree = "<group>";
		};
		5DADD8F82882318200F10D50 /* Products */ = {
			isa = PBXGroup;
			children = (
				5DADD8F72882318200F10D50 /* Drivable.app */,
			);
			name = Products;
			sourceTree = "<group>";
		};
		5DADD8F92882318200F10D50 /* Drivable */ = {
			isa = PBXGroup;
			children = (
				5DB0BDBB28827B030014926B /* GoogleService-Info.plist */,
				5DADD8FA2882318200F10D50 /* AppDelegate.swift */,
				5DADD8FC2882318200F10D50 /* SceneDelegate.swift */,
				5DADD8FE2882318200F10D50 /* SignInViewController.swift */,
				5DADD9002882318200F10D50 /* Main.storyboard */,
				5DADD9032882318900F10D50 /* Assets.xcassets */,
				5DADD9052882318900F10D50 /* LaunchScreen.storyboard */,
				5DADD9082882318900F10D50 /* Info.plist */,
				5DADD911288235C100F10D50 /* SignupViewController.swift */,
				5DAA52B02888D50200D78AFE /* DashboardViewController.swift */,
				5DAA52B32888DAC900D78AFE /* UserAccount.swift */,
				5DAA52B62888FC3100D78AFE /* FleetListViewController.swift */,
				5DAA52B9288900B800D78AFE /* Vehicle.swift */,
				5DAA52BC288A290500D78AFE /* ProfileViewController.swift */,
				5DAA52C0288B5ED900D78AFE /* VehicleDetailsViewController.swift */,
				5DAA52C3288BBD6800D78AFE /* AddVehicleViewController.swift */,
			);
			path = Drivable;
			sourceTree = "<group>";
		};
/* End PBXGroup section */

/* Begin PBXNativeTarget section */
		5DADD8F62882318200F10D50 /* Drivable */ = {
			isa = PBXNativeTarget;
			buildConfigurationList = 5DADD90B2882318900F10D50 /* Build configuration list for PBXNativeTarget "Drivable" */;
			buildPhases = (
				5DADD8F32882318200F10D50 /* Sources */,
				5DADD8F42882318200F10D50 /* Frameworks */,
				5DADD8F52882318200F10D50 /* Resources */,
			);
			buildRules = (
			);
			dependencies = (
			);
			name = Drivable;
			packageProductDependencies = (
				5DB0BDAB288272220014926B /* FirebaseFirestore */,
				5DB0BDAD288272220014926B /* FirebaseAuthCombine-Community */,
				5DB0BDAF288272220014926B /* FirebaseStorageCombine-Community */,
				5DB0BDB1288272220014926B /* FirebaseFirestoreSwift */,
				5DB0BDB3288272220014926B /* FirebaseStorage */,
				5DB0BDB5288272220014926B /* FirebaseAuth */,
				5DB0BDB7288272220014926B /* FirebaseFirestoreCombine-Community */,
			);
			productName = Drivable;
			productReference = 5DADD8F72882318200F10D50 /* Drivable.app */;
			productType = "com.apple.product-type.application";
		};
/* End PBXNativeTarget section */

/* Begin PBXProject section */
		5DADD8EF2882318100F10D50 /* Project object */ = {
			isa = PBXProject;
			attributes = {
				LastSwiftUpdateCheck = 1240;
				LastUpgradeCheck = 1240;
				TargetAttributes = {
					5DADD8F62882318200F10D50 = {
						CreatedOnToolsVersion = 12.4;
					};
				};
			};
			buildConfigurationList = 5DADD8F22882318100F10D50 /* Build configuration list for PBXProject "Drivable" */;
			compatibilityVersion = "Xcode 9.3";
			developmentRegion = en;
			hasScannedForEncodings = 0;
			knownRegions = (
				en,
				Base,
			);
			mainGroup = 5DADD8EE2882318100F10D50;
			packageReferences = (
				5DB0BDAA288272220014926B /* XCRemoteSwiftPackageReference "firebase-ios-sdk" */,
			);
			productRefGroup = 5DADD8F82882318200F10D50 /* Products */;
			projectDirPath = "";
			projectRoot = "";
			targets = (
				5DADD8F62882318200F10D50 /* Drivable */,
			);
		};
/* End PBXProject section */

/* Begin PBXResourcesBuildPhase section */
		5DADD8F52882318200F10D50 /* Resources */ = {
			isa = PBXResourcesBuildPhase;
			buildActionMask = 2147483647;
			files = (
				5DADD9072882318900F10D50 /* LaunchScreen.storyboard in Resources */,
				5DB0BDBC28827B030014926B /* GoogleService-Info.plist in Resources */,
				5DADD9042882318900F10D50 /* Assets.xcassets in Resources */,
				5DADD9022882318200F10D50 /* Main.storyboard in Resources */,
			);
			runOnlyForDeploymentPostprocessing = 0;
		};
/* End PBXResourcesBuildPhase section */

/* Begin PBXSourcesBuildPhase section */
		5DADD8F32882318200F10D50 /* Sources */ = {
			isa = PBXSourcesBuildPhase;
			buildActionMask = 2147483647;
			files = (
				5DAA52BA288900B800D78AFE /* Vehicle.swift in Sources */,
				5DAA52C4288BBD6800D78AFE /* AddVehicleViewController.swift in Sources */,
				5DADD8FF2882318200F10D50 /* SignInViewController.swift in Sources */,
				5DAA52C1288B5ED900D78AFE /* VehicleDetailsViewController.swift in Sources */,
				5DADD8FB2882318200F10D50 /* AppDelegate.swift in Sources */,
				5DAA52B42888DAC900D78AFE /* UserAccount.swift in Sources */,
				5DAA52B72888FC3100D78AFE /* FleetListViewController.swift in Sources */,
				5DAA52B12888D50200D78AFE /* DashboardViewController.swift in Sources */,
				5DAA52BD288A290500D78AFE /* ProfileViewController.swift in Sources */,
				5DADD912288235C100F10D50 /* SignupViewController.swift in Sources */,
				5DADD8FD2882318200F10D50 /* SceneDelegate.swift in Sources */,
			);
			runOnlyForDeploymentPostprocessing = 0;
		};
/* End PBXSourcesBuildPhase section */

/* Begin PBXVariantGroup section */
		5DADD9002882318200F10D50 /* Main.storyboard */ = {
			isa = PBXVariantGroup;
			children = (
				5DADD9012882318200F10D50 /* Base */,
			);
			name = Main.storyboard;
			sourceTree = "<group>";
		};
		5DADD9052882318900F10D50 /* LaunchScreen.storyboard */ = {
			isa = PBXVariantGroup;
			children = (
				5DADD9062882318900F10D50 /* Base */,
			);
			name = LaunchScreen.storyboard;
			sourceTree = "<group>";
		};
/* End PBXVariantGroup section */

/* Begin XCBuildConfiguration section */
		5DADD9092882318900F10D50 /* Debug */ = {
			isa = XCBuildConfiguration;
			buildSettings = {
				ALWAYS_SEARCH_USER_PATHS = NO;
				CLANG_ANALYZER_NONNULL = YES;
				CLANG_ANALYZER_NUMBER_OBJECT_CONVERSION = YES_AGGRESSIVE;
				CLANG_CXX_LANGUAGE_STANDARD = "gnu++14";
				CLANG_CXX_LIBRARY = "libc++";
				CLANG_ENABLE_MODULES = YES;
				CLANG_ENABLE_OBJC_ARC = YES;
				CLANG_ENABLE_OBJC_WEAK = YES;
				CLANG_WARN_BLOCK_CAPTURE_AUTORELEASING = YES;
				CLANG_WARN_BOOL_CONVERSION = YES;
				CLANG_WARN_COMMA = YES;
				CLANG_WARN_CONSTANT_CONVERSION = YES;
				CLANG_WARN_DEPRECATED_OBJC_IMPLEMENTATIONS = YES;
				CLANG_WARN_DIRECT_OBJC_ISA_USAGE = YES_ERROR;
				CLANG_WARN_DOCUMENTATION_COMMENTS = YES;
				CLANG_WARN_EMPTY_BODY = YES;
				CLANG_WARN_ENUM_CONVERSION = YES;
				CLANG_WARN_INFINITE_RECURSION = YES;
				CLANG_WARN_INT_CONVERSION = YES;
				CLANG_WARN_NON_LITERAL_NULL_CONVERSION = YES;
				CLANG_WARN_OBJC_IMPLICIT_RETAIN_SELF = YES;
				CLANG_WARN_OBJC_LITERAL_CONVERSION = YES;
				CLANG_WARN_OBJC_ROOT_CLASS = YES_ERROR;
				CLANG_WARN_QUOTED_INCLUDE_IN_FRAMEWORK_HEADER = YES;
				CLANG_WARN_RANGE_LOOP_ANALYSIS = YES;
				CLANG_WARN_STRICT_PROTOTYPES = YES;
				CLANG_WARN_SUSPICIOUS_MOVE = YES;
				CLANG_WARN_UNGUARDED_AVAILABILITY = YES_AGGRESSIVE;
				CLANG_WARN_UNREACHABLE_CODE = YES;
				CLANG_WARN__DUPLICATE_METHOD_MATCH = YES;
				COPY_PHASE_STRIP = NO;
				DEBUG_INFORMATION_FORMAT = dwarf;
				ENABLE_STRICT_OBJC_MSGSEND = YES;
				ENABLE_TESTABILITY = YES;
				GCC_C_LANGUAGE_STANDARD = gnu11;
				GCC_DYNAMIC_NO_PIC = NO;
				GCC_NO_COMMON_BLOCKS = YES;
				GCC_OPTIMIZATION_LEVEL = 0;
				GCC_PREPROCESSOR_DEFINITIONS = (
					"DEBUG=1",
					"$(inherited)",
				);
				GCC_WARN_64_TO_32_BIT_CONVERSION = YES;
				GCC_WARN_ABOUT_RETURN_TYPE = YES_ERROR;
				GCC_WARN_UNDECLARED_SELECTOR = YES;
				GCC_WARN_UNINITIALIZED_AUTOS = YES_AGGRESSIVE;
				GCC_WARN_UNUSED_FUNCTION = YES;
				GCC_WARN_UNUSED_VARIABLE = YES;
				IPHONEOS_DEPLOYMENT_TARGET = 14.4;
				MTL_ENABLE_DEBUG_INFO = INCLUDE_SOURCE;
				MTL_FAST_MATH = YES;
				ONLY_ACTIVE_ARCH = YES;
				SDKROOT = iphoneos;
				SWIFT_ACTIVE_COMPILATION_CONDITIONS = DEBUG;
				SWIFT_OPTIMIZATION_LEVEL = "-Onone";
			};
			name = Debug;
		};
		5DADD90A2882318900F10D50 /* Release */ = {
			isa = XCBuildConfiguration;
			buildSettings = {
				ALWAYS_SEARCH_USER_PATHS = NO;
				CLANG_ANALYZER_NONNULL = YES;
				CLANG_ANALYZER_NUMBER_OBJECT_CONVERSION = YES_AGGRESSIVE;
				CLANG_CXX_LANGUAGE_STANDARD = "gnu++14";
				CLANG_CXX_LIBRARY = "libc++";
				CLANG_ENABLE_MODULES = YES;
				CLANG_ENABLE_OBJC_ARC = YES;
				CLANG_ENABLE_OBJC_WEAK = YES;
				CLANG_WARN_BLOCK_CAPTURE_AUTORELEASING = YES;
				CLANG_WARN_BOOL_CONVERSION = YES;
				CLANG_WARN_COMMA = YES;
				CLANG_WARN_CONSTANT_CONVERSION = YES;
				CLANG_WARN_DEPRECATED_OBJC_IMPLEMENTATIONS = YES;
				CLANG_WARN_DIRECT_OBJC_ISA_USAGE = YES_ERROR;
				CLANG_WARN_DOCUMENTATION_COMMENTS = YES;
				CLANG_WARN_EMPTY_BODY = YES;
				CLANG_WARN_ENUM_CONVERSION = YES;
				CLANG_WARN_INFINITE_RECURSION = YES;
				CLANG_WARN_INT_CONVERSION = YES;
				CLANG_WARN_NON_LITERAL_NULL_CONVERSION = YES;
				CLANG_WARN_OBJC_IMPLICIT_RETAIN_SELF = YES;
				CLANG_WARN_OBJC_LITERAL_CONVERSION = YES;
				CLANG_WARN_OBJC_ROOT_CLASS = YES_ERROR;
				CLANG_WARN_QUOTED_INCLUDE_IN_FRAMEWORK_HEADER = YES;
				CLANG_WARN_RANGE_LOOP_ANALYSIS = YES;
				CLANG_WARN_STRICT_PROTOTYPES = YES;
				CLANG_WARN_SUSPICIOUS_MOVE = YES;
				CLANG_WARN_UNGUARDED_AVAILABILITY = YES_AGGRESSIVE;
				CLANG_WARN_UNREACHABLE_CODE = YES;
				CLANG_WARN__DUPLICATE_METHOD_MATCH = YES;
				COPY_PHASE_STRIP = NO;
				DEBUG_INFORMATION_FORMAT = "dwarf-with-dsym";
				ENABLE_NS_ASSERTIONS = NO;
				ENABLE_STRICT_OBJC_MSGSEND = YES;
				GCC_C_LANGUAGE_STANDARD = gnu11;
				GCC_NO_COMMON_BLOCKS = YES;
				GCC_WARN_64_TO_32_BIT_CONVERSION = YES;
				GCC_WARN_ABOUT_RETURN_TYPE = YES_ERROR;
				GCC_WARN_UNDECLARED_SELECTOR = YES;
				GCC_WARN_UNINITIALIZED_AUTOS = YES_AGGRESSIVE;
				GCC_WARN_UNUSED_FUNCTION = YES;
				GCC_WARN_UNUSED_VARIABLE = YES;
				IPHONEOS_DEPLOYMENT_TARGET = 14.4;
				MTL_ENABLE_DEBUG_INFO = NO;
				MTL_FAST_MATH = YES;
				SDKROOT = iphoneos;
				SWIFT_COMPILATION_MODE = wholemodule;
				SWIFT_OPTIMIZATION_LEVEL = "-O";
				VALIDATE_PRODUCT = YES;
			};
			name = Release;
		};
		5DADD90C2882318900F10D50 /* Debug */ = {
			isa = XCBuildConfiguration;
			buildSettings = {
				ASSETCATALOG_COMPILER_APPICON_NAME = AppIcon;
				ASSETCATALOG_COMPILER_GLOBAL_ACCENT_COLOR_NAME = AccentColor;
				CODE_SIGN_STYLE = Automatic;
				INFOPLIST_FILE = Drivable/Info.plist;
				LD_RUNPATH_SEARCH_PATHS = (
					"$(inherited)",
					"@executable_path/Frameworks",
				);
				PRODUCT_BUNDLE_IDENTIFIER = Example.Drivable;
				PRODUCT_NAME = "$(TARGET_NAME)";
				SWIFT_VERSION = 5.0;
				TARGETED_DEVICE_FAMILY = "1,2";
			};
			name = Debug;
		};
		5DADD90D2882318900F10D50 /* Release */ = {
			isa = XCBuildConfiguration;
			buildSettings = {
				ASSETCATALOG_COMPILER_APPICON_NAME = AppIcon;
				ASSETCATALOG_COMPILER_GLOBAL_ACCENT_COLOR_NAME = AccentColor;
				CODE_SIGN_STYLE = Automatic;
				INFOPLIST_FILE = Drivable/Info.plist;
				LD_RUNPATH_SEARCH_PATHS = (
					"$(inherited)",
					"@executable_path/Frameworks",
				);
				PRODUCT_BUNDLE_IDENTIFIER = Example.Drivable;
				PRODUCT_NAME = "$(TARGET_NAME)";
				SWIFT_VERSION = 5.0;
				TARGETED_DEVICE_FAMILY = "1,2";
			};
			name = Release;
		};
/* End XCBuildConfiguration section */

/* Begin XCConfigurationList section */
		5DADD8F22882318100F10D50 /* Build configuration list for PBXProject "Drivable" */ = {
			isa = XCConfigurationList;
			buildConfigurations = (
				5DADD9092882318900F10D50 /* Debug */,
				5DADD90A2882318900F10D50 /* Release */,
			);
			defaultConfigurationIsVisible = 0;
			defaultConfigurationName = Release;
		};
		5DADD90B2882318900F10D50 /* Build configuration list for PBXNativeTarget "Drivable" */ = {
			isa = XCConfigurationList;
			buildConfigurations = (
				5DADD90C2882318900F10D50 /* Debug */,
				5DADD90D2882318900F10D50 /* Release */,
			);
			defaultConfigurationIsVisible = 0;
			defaultConfigurationName = Release;
		};
/* End XCConfigurationList section */

/* Begin XCRemoteSwiftPackageReference section */
		5DB0BDAA288272220014926B /* XCRemoteSwiftPackageReference "firebase-ios-sdk" */ = {
			isa = XCRemoteSwiftPackageReference;
			repositoryURL = "https://github.com/firebase/firebase-ios-sdk";
			requirement = {
				kind = upToNextMajorVersion;
				minimumVersion = 9.3.0;
			};
		};
/* End XCRemoteSwiftPackageReference section */

/* Begin XCSwiftPackageProductDependency section */
		5DB0BDAB288272220014926B /* FirebaseFirestore */ = {
			isa = XCSwiftPackageProductDependency;
			package = 5DB0BDAA288272220014926B /* XCRemoteSwiftPackageReference "firebase-ios-sdk" */;
			productName = FirebaseFirestore;
		};
		5DB0BDAD288272220014926B /* FirebaseAuthCombine-Community */ = {
			isa = XCSwiftPackageProductDependency;
			package = 5DB0BDAA288272220014926B /* XCRemoteSwiftPackageReference "firebase-ios-sdk" */;
			productName = "FirebaseAuthCombine-Community";
		};
		5DB0BDAF288272220014926B /* FirebaseStorageCombine-Community */ = {
			isa = XCSwiftPackageProductDependency;
			package = 5DB0BDAA288272220014926B /* XCRemoteSwiftPackageReference "firebase-ios-sdk" */;
			productName = "FirebaseStorageCombine-Community";
		};
		5DB0BDB1288272220014926B /* FirebaseFirestoreSwift */ = {
			isa = XCSwiftPackageProductDependency;
			package = 5DB0BDAA288272220014926B /* XCRemoteSwiftPackageReference "firebase-ios-sdk" */;
			productName = FirebaseFirestoreSwift;
		};
		5DB0BDB3288272220014926B /* FirebaseStorage */ = {
			isa = XCSwiftPackageProductDependency;
			package = 5DB0BDAA288272220014926B /* XCRemoteSwiftPackageReference "firebase-ios-sdk" */;
			productName = FirebaseStorage;
		};
		5DB0BDB5288272220014926B /* FirebaseAuth */ = {
			isa = XCSwiftPackageProductDependency;
			package = 5DB0BDAA288272220014926B /* XCRemoteSwiftPackageReference "firebase-ios-sdk" */;
			productName = FirebaseAuth;
		};
		5DB0BDB7288272220014926B /* FirebaseFirestoreCombine-Community */ = {
			isa = XCSwiftPackageProductDependency;
			package = 5DB0BDAA288272220014926B /* XCRemoteSwiftPackageReference "firebase-ios-sdk" */;
			productName = "FirebaseFirestoreCombine-Community";
		};
/* End XCSwiftPackageProductDependency section */
	};
	rootObject = 5DADD8EF2882318100F10D50 /* Project object */;
}
